Microsoft Visual Studio Solution File, Format Version 12.00
# Visual Studio Version 17
VisualStudioVersion = 17.0.31912.275
MinimumVisualStudioVersion = 10.0.40219.1
Project("{8BC9CEB8-8B4A-11D0-8D11-00A0C91BC942}") = "PTZControl", "PTZControl\PTZControl.vcxproj", "{2E2437DA-35E2-4D0D-B1DF-26E1DFEE1FB9}"
EndProject
Project("{FAE04EC0-301F-11D3-BF4B-00C04F79EFBC}") = "PTZControl.Uvc", "PTZControl.Uvc\PTZControl.Uvc.csproj", "{5F3D4F83-6E39-4F17-8C2E-1F0B4D14B4C2}"
EndProject
Project("{FAE04EC0-301F-11D3-BF4B-00C04F79EFBC}") = "PTZControlGUI", "PTZControlGUI\PTZControlGUI.csproj", "{3A8B38E9-6E3A-40DD-9FE4-3AB6C12A11E7}"
EndProject
Project("{FAE04EC0-301F-11D3-BF4B-00C04F79EFBC}") = "PTZControlConsole", "PTZControlConsole\PTZControlConsole.csproj", "{9B3E3F5E-62A0-4A8D-9C42-9F6A1A21E3B1}"
EndProject
Project("{8BC9CEB8-8B4A-11D0-8D11-00A0C91BC942}") = "PTZControlBridge", "PTZControlBridge\PTZControlBridge.vcxproj", "{B49F2F27-1D96-4B62-9A81-79CE80E4B1B1}"
EndProject
Global
	GlobalSection(SolutionConfigurationPlatforms) = preSolution
		Debug|Any CPU = Debug|Any CPU
		Debug|x86 = Debug|x86
		Release|Any CPU = Release|Any CPU
		Release|x86 = Release|x86
	EndGlobalSection
	GlobalSection(ProjectConfigurationPlatforms) = postSolution
		{5F3D4F83-6E39-4F17-8C2E-1F0B4D14B4C2}.Debug|Any CPU.ActiveCfg = Debug|Any CPU
		{5F3D4F83-6E39-4F17-8C2E-1F0B4D14B4C2}.Debug|Any CPU.Build.0 = Debug|Any CPU
		{5F3D4F83-6E39-4F17-8C2E-1F0B4D14B4C2}.Debug|x86.ActiveCfg = Debug|Any CPU
		{5F3D4F83-6E39-4F17-8C2E-1F0B4D14B4C2}.Debug|x86.Build.0 = Debug|Any CPU
		{5F3D4F83-6E39-4F17-8C2E-1F0B4D14B4C2}.Release|Any CPU.ActiveCfg = Release|Any CPU
		{5F3D4F83-6E39-4F17-8C2E-1F0B4D14B4C2}.Release|Any CPU.Build.0 = Release|Any CPU
		{5F3D4F83-6E39-4F17-8C2E-1F0B4D14B4C2}.Release|x86.ActiveCfg = Release|Any CPU
		{5F3D4F83-6E39-4F17-8C2E-1F0B4D14B4C2}.Release|x86.Build.0 = Release|Any CPU
		{3A8B38E9-6E3A-40DD-9FE4-3AB6C12A11E7}.Debug|Any CPU.ActiveCfg = Debug|Any CPU
		{3A8B38E9-6E3A-40DD-9FE4-3AB6C12A11E7}.Debug|Any CPU.Build.0 = Debug|Any CPU
		{3A8B38E9-6E3A-40DD-9FE4-3AB6C12A11E7}.Debug|x86.ActiveCfg = Debug|Any CPU
		{3A8B38E9-6E3A-40DD-9FE4-3AB6C12A11E7}.Debug|x86.Build.0 = Debug|Any CPU
		{3A8B38E9-6E3A-40DD-9FE4-3AB6C12A11E7}.Release|Any CPU.ActiveCfg = Release|Any CPU
		{3A8B38E9-6E3A-40DD-9FE4-3AB6C12A11E7}.Release|Any CPU.Build.0 = Release|Any CPU
		{3A8B38E9-6E3A-40DD-9FE4-3AB6C12A11E7}.Release|x86.ActiveCfg = Release|Any CPU
		{3A8B38E9-6E3A-40DD-9FE4-3AB6C12A11E7}.Release|x86.Build.0 = Release|Any CPU
		{9B3E3F5E-62A0-4A8D-9C42-9F6A1A21E3B1}.Debug|Any CPU.ActiveCfg = Debug|Any CPU
		{9B3E3F5E-62A0-4A8D-9C42-9F6A1A21E3B1}.Debug|Any CPU.Build.0 = Debug|Any CPU
		{9B3E3F5E-62A0-4A8D-9C42-9F6A1A21E3B1}.Debug|x86.ActiveCfg = Debug|Any CPU
		{9B3E3F5E-62A0-4A8D-9C42-9F6A1A21E3B1}.Debug|x86.Build.0 = Debug|Any CPU
		{9B3E3F5E-62A0-4A8D-9C42-9F6A1A21E3B1}.Release|Any CPU.ActiveCfg = Release|Any CPU
		{9B3E3F5E-62A0-4A8D-9C42-9F6A1A21E3B1}.Release|Any CPU.Build.0 = Release|Any CPU
		{9B3E3F5E-62A0-4A8D-9C42-9F6A1A21E3B1}.Release|x86.ActiveCfg = Release|Any CPU
		{9B3E3F5E-62A0-4A8D-9C42-9F6A1A21E3B1}.Release|x86.Build.0 = Release|Any CPU
		{B49F2F27-1D96-4B62-9A81-79CE80E4B1B1}.Debug|Any CPU.ActiveCfg = Debug|Win32
		{B49F2F27-1D96-4B62-9A81-79CE80E4B1B1}.Debug|Any CPU.Build.0 = Debug|Win32
		{B49F2F27-1D96-4B62-9A81-79CE80E4B1B1}.Debug|x86.ActiveCfg = Debug|Win32
		{B49F2F27-1D96-4B62-9A81-79CE80E4B1B1}.Debug|x86.Build.0 = Debug|Win32
		{B49F2F27-1D96-4B62-9A81-79CE80E4B1B1}.Release|Any CPU.ActiveCfg = Release|Win32
		{B49F2F27-1D96-4B62-9A81-79CE80E4B1B1}.Release|Any CPU.Build.0 = Release|Win32
		{B49F2F27-1D96-4B62-9A81-79CE80E4B1B1}.Release|x86.ActiveCfg = Release|Win32
		{B49F2F27-1D96-4B62-9A81-79CE80E4B1B1}.Release|x86.Build.0 = Release|Win32
	EndGlobalSection
	GlobalSection(SolutionProperties) = preSolution
		HideSolutionNode = FALSE
	EndGlobalSection
EndGlobal
